
Microsoft Visual Studio Solution File, Format Version 12.00
# Visual Studio Version 17
VisualStudioVersion = 17.1.32414.318
MinimumVisualStudioVersion = 10.0.40219.1
Project("{FAE04EC0-301F-11D3-BF4B-00C04F79EFBC}") = "ConvertTools", "ConvertTools\ConvertTools.csproj", "{FCAC98C7-6B84-4D02-B108-806C37750E41}"
EndProject
Global
	GlobalSection(SolutionConfigurationPlatforms) = preSolution
		Debug|Any CPU = Debug|Any CPU
		Release|Any CPU = Release|Any CPU
	EndGlobalSection
	GlobalSection(ProjectConfigurationPlatforms) = postSolution
		{FCAC98C7-6B84-4D02-B108-806C37750E41}.Debug|Any CPU.ActiveCfg = Debug|Any CPU
		{FCAC98C7-6B84-4D02-B108-806C37750E41}.Debug|Any CPU.Build.0 = Debug|Any CPU
		{FCAC98C7-6B84-4D02-B108-806C37750E41}.Release|Any CPU.ActiveCfg = Release|Any CPU
		{FCAC98C7-6B84-4D02-B108-806C37750E41}.Release|Any CPU.Build.0 = Release|Any CPU
	EndGlobalSection
	GlobalSection(SolutionProperties) = preSolution
		HideSolutionNode = FALSE
	EndGlobalSection
	GlobalSection(ExtensibilityGlobals) = postSolution
		SolutionGuid = {C7F4F476-5051-4AA0-86E2-BBB699C1239C}
	EndGlobalSection
EndGlobal
